
Microsoft Visual Studio Solution File, Format Version 12.00
# Visual Studio Version 17
VisualStudioVersion = 17.6.33723.286
MinimumVisualStudioVersion = 10.0.40219.1
Project("{8BC9CEB8-8B4A-11D0-8D11-00A0C91BC942}") = "crclog", "crclog\crclog.vcxproj", "{71169495-5DEF-4454-8ADD-39EACABB0AFC}"
EndProject
Global
	GlobalSection(SolutionConfigurationPlatforms) = preSolution
		Debug|x64 = Debug|x64
		Debug|x86 = Debug|x86
		Release|x64 = Release|x64
		Release|x86 = Release|x86
	EndGlobalSection
	GlobalSection(ProjectConfigurationPlatforms) = postSolution
		{71169495-5DEF-4454-8ADD-39EACABB0AFC}.Debug|x64.ActiveCfg = Debug|x64
		{71169495-5DEF-4454-8ADD-39EACABB0AFC}.Debug|x64.Build.0 = Debug|x64
		{71169495-5DEF-4454-8ADD-39EACABB0AFC}.Debug|x86.ActiveCfg = Debug|Win32
		{71169495-5DEF-4454-8ADD-39EACABB0AFC}.Debug|x86.Build.0 = Debug|Win32
		{71169495-5DEF-4454-8ADD-39EACABB0AFC}.Release|x64.ActiveCfg = Release|x64
		{71169495-5DEF-4454-8ADD-39EACABB0AFC}.Release|x64.Build.0 = Release|x64
		{71169495-5DEF-4454-8ADD-39EACABB0AFC}.Release|x86.ActiveCfg = Release|Win32
		{71169495-5DEF-4454-8ADD-39EACABB0AFC}.Release|x86.Build.0 = Release|Win32
	EndGlobalSection
	GlobalSection(SolutionProperties) = preSolution
		HideSolutionNode = FALSE
	EndGlobalSection
	GlobalSection(ExtensibilityGlobals) = postSolution
		SolutionGuid = {59398D48-A28B-4F3C-8035-2EAF4FAD9B8C}
	EndGlobalSection
EndGlobal
